
Microsoft Visual Studio Solution File, Format Version 12.00
# Visual Studio Version 17
VisualStudioVersion = 17.2.32602.215
MinimumVisualStudioVersion = 10.0.40219.1
Project("{9A19103F-16F7-4668-BE54-9A1E7A4F7556}") = "MySQLClient", "MySQLClient\MySQLClient.csproj", "{F21C60CC-B630-4D02-8688-DCCF050DDA18}"
EndProject
Project("{FAE04EC0-301F-11D3-BF4B-00C04F79EFBC}") = "MyEFCore", "MyEFCore\MyEFCore.csproj", "{44D2C3CA-0D49-4D6C-87EF-8C86D88A2CFB}"
EndProject
Global
	GlobalSection(SolutionConfigurationPlatforms) = preSolution
		Debug|Any CPU = Debug|Any CPU
		Release|Any CPU = Release|Any CPU
	EndGlobalSection
	GlobalSection(ProjectConfigurationPlatforms) = postSolution
		{F21C60CC-B630-4D02-8688-DCCF050DDA18}.Debug|Any CPU.ActiveCfg = Debug|Any CPU
		{F21C60CC-B630-4D02-8688-DCCF050DDA18}.Debug|Any CPU.Build.0 = Debug|Any CPU
		{F21C60CC-B630-4D02-8688-DCCF050DDA18}.Release|Any CPU.ActiveCfg = Release|Any CPU
		{F21C60CC-B630-4D02-8688-DCCF050DDA18}.Release|Any CPU.Build.0 = Release|Any CPU
		{44D2C3CA-0D49-4D6C-87EF-8C86D88A2CFB}.Debug|Any CPU.ActiveCfg = Debug|Any CPU
		{44D2C3CA-0D49-4D6C-87EF-8C86D88A2CFB}.Debug|Any CPU.Build.0 = Debug|Any CPU
		{44D2C3CA-0D49-4D6C-87EF-8C86D88A2CFB}.Release|Any CPU.ActiveCfg = Release|Any CPU
		{44D2C3CA-0D49-4D6C-87EF-8C86D88A2CFB}.Release|Any CPU.Build.0 = Release|Any CPU
	EndGlobalSection
	GlobalSection(SolutionProperties) = preSolution
		HideSolutionNode = FALSE
	EndGlobalSection
	GlobalSection(ExtensibilityGlobals) = postSolution
		SolutionGuid = {DC89C483-7001-4C20-854B-B60621206B1F}
	EndGlobalSection
EndGlobal
